PODS:
  - dSRelay (0.1.3):
    - SwiftSocket
    - thenPromise
  - InstantMock (2.2.3)
  - Nimble (7.3.4)
  - Quick (1.3.4)
  - SwiftSocket (2.0.2)
  - thenPromise (4.2.1)

DEPENDENCIES:
  - dSRelay (from `../`)
  - InstantMock
  - Nimble (~> 7.3.1)
  - Quick (~> 1.3.2)
  - SwiftSocket
  - thenPromise

SPEC REPOS:
  https://github.com/cocoapods/specs.git:
    - InstantMock
    - Nimble
    - Quick
    - SwiftSocket
    - thenPromise

EXTERNAL SOURCES:
  dSRelay:
    :path: "../"

SPEC CHECKSUMS:
  dSRelay: 3a065463baef83b1da073c825d251150d6394305
  InstantMock: 2060ca959fbe0ce51acd189c7cbde09aa5f39662
  Nimble: 051e3d8912d40138fa5591c78594f95fb172af37
  Quick: f4f7f063c524394c73ed93ac70983c609805d481
  SwiftSocket: 6f4c9c63fbc5c1d61188936bb3c599fd546f40ae
  thenPromise: 8cf34fe40b0c877338feb544d64265d184d8af7f

PODFILE CHECKSUM: ec25908af5c36c9fce50686c50541e7dbae67e7e

COCOAPODS: 1.5.3
